
Microsoft Visual Studio Solution File, Format Version 12.00
# Visual Studio Version 16
VisualStudioVersion = 16.0.31624.102
MinimumVisualStudioVersion = 10.0.40219.1
Project("{9A19103F-16F7-4668-BE54-9A1E7A4F7556}") = "VehicleLocationTrackerConsole", "VehicleLocationTrackerConsole\VehicleLocationTrackerConsole.csproj", "{D941E0D2-46B9-4962-B31E-260E622E32DF}"
EndProject
Project("{9A19103F-16F7-4668-BE54-9A1E7A4F7556}") = "VehicleLocationTrackerWeb", "VehicleLocationTrackerWeb\VehicleLocationTrackerWeb.csproj", "{2B21C989-0509-424F-8688-FDD63B32BCE8}"
EndProject
Project("{FAE04EC0-301F-11D3-BF4B-00C04F79EFBC}") = "VehicleLocationTrackerHubs", "VehicleLocationTrackerHubs\VehicleLocationTrackerHubs.csproj", "{F4F8C4FC-3BEC-49DA-A0C2-8EA10B18F9CE}"
EndProject
Global
	GlobalSection(SolutionConfigurationPlatforms) = preSolution
		Debug|Any CPU = Debug|Any CPU
		Release|Any CPU = Release|Any CPU
	EndGlobalSection
	GlobalSection(ProjectConfigurationPlatforms) = postSolution
		{D941E0D2-46B9-4962-B31E-260E622E32DF}.Debug|Any CPU.ActiveCfg = Debug|Any CPU
		{D941E0D2-46B9-4962-B31E-260E622E32DF}.Debug|Any CPU.Build.0 = Debug|Any CPU
		{D941E0D2-46B9-4962-B31E-260E622E32DF}.Release|Any CPU.ActiveCfg = Release|Any CPU
		{D941E0D2-46B9-4962-B31E-260E622E32DF}.Release|Any CPU.Build.0 = Release|Any CPU
		{2B21C989-0509-424F-8688-FDD63B32BCE8}.Debug|Any CPU.ActiveCfg = Debug|Any CPU
		{2B21C989-0509-424F-8688-FDD63B32BCE8}.Debug|Any CPU.Build.0 = Debug|Any CPU
		{2B21C989-0509-424F-8688-FDD63B32BCE8}.Release|Any CPU.ActiveCfg = Release|Any CPU
		{2B21C989-0509-424F-8688-FDD63B32BCE8}.Release|Any CPU.Build.0 = Release|Any CPU
		{F4F8C4FC-3BEC-49DA-A0C2-8EA10B18F9CE}.Debug|Any CPU.ActiveCfg = Debug|Any CPU
		{F4F8C4FC-3BEC-49DA-A0C2-8EA10B18F9CE}.Debug|Any CPU.Build.0 = Debug|Any CPU
		{F4F8C4FC-3BEC-49DA-A0C2-8EA10B18F9CE}.Release|Any CPU.ActiveCfg = Release|Any CPU
		{F4F8C4FC-3BEC-49DA-A0C2-8EA10B18F9CE}.Release|Any CPU.Build.0 = Release|Any CPU
	EndGlobalSection
	GlobalSection(SolutionProperties) = preSolution
		HideSolutionNode = FALSE
	EndGlobalSection
	GlobalSection(ExtensibilityGlobals) = postSolution
		SolutionGuid = {6D318247-4ADA-4CCE-9A14-CB66C122B09F}
	EndGlobalSection
EndGlobal
